
Microsoft Visual Studio Solution File, Format Version 12.00
# Visual Studio Version 17
VisualStudioVersion = 17.0.32112.339
MinimumVisualStudioVersion = 10.0.40219.1
Project("{9A19103F-16F7-4668-BE54-9A1E7A4F7556}") = "First_WPF_Application", "First_WPF_Application\First_WPF_Application.csproj", "{8CB81A94-E89A-4EB2-97E0-C92A6FD53BDF}"
EndProject
Project("{9A19103F-16F7-4668-BE54-9A1E7A4F7556}") = "WPF-VowelsAndConsonants", "WPF-VowelsAndConsonants\WPF-VowelsAndConsonants.csproj", "{1BF4FABE-0C6A-4183-8585-46664576694D}"
EndProject
Project("{9A19103F-16F7-4668-BE54-9A1E7A4F7556}") = "WPF-Classes", "WPF-Classes\WPF-Classes.csproj", "{4E627A6B-C472-40EF-BFC2-347FAC311B1B}"
EndProject
Project("{9A19103F-16F7-4668-BE54-9A1E7A4F7556}") = "JSON-FromAFile", "JSON-FromAFile\JSON-FromAFile.csproj", "{50B05A6C-C556-4E5F-85AE-2F476052F408}"
EndProject
Project("{FAE04EC0-301F-11D3-BF4B-00C04F79EFBC}") = "JSON-ChuckNorrisJokes", "JSON-ChuckNorrisJokes\JSON-ChuckNorrisJokes.csproj", "{524E0C7E-FC95-4510-84F5-2FBD0AE3A503}"
EndProject
Global
	GlobalSection(SolutionConfigurationPlatforms) = preSolution
		Debug|Any CPU = Debug|Any CPU
		Release|Any CPU = Release|Any CPU
	EndGlobalSection
	GlobalSection(ProjectConfigurationPlatforms) = postSolution
		{8CB81A94-E89A-4EB2-97E0-C92A6FD53BDF}.Debug|Any CPU.ActiveCfg = Debug|Any CPU
		{8CB81A94-E89A-4EB2-97E0-C92A6FD53BDF}.Debug|Any CPU.Build.0 = Debug|Any CPU
		{8CB81A94-E89A-4EB2-97E0-C92A6FD53BDF}.Release|Any CPU.ActiveCfg = Release|Any CPU
		{8CB81A94-E89A-4EB2-97E0-C92A6FD53BDF}.Release|Any CPU.Build.0 = Release|Any CPU
		{1BF4FABE-0C6A-4183-8585-46664576694D}.Debug|Any CPU.ActiveCfg = Debug|Any CPU
		{1BF4FABE-0C6A-4183-8585-46664576694D}.Debug|Any CPU.Build.0 = Debug|Any CPU
		{1BF4FABE-0C6A-4183-8585-46664576694D}.Release|Any CPU.ActiveCfg = Release|Any CPU
		{1BF4FABE-0C6A-4183-8585-46664576694D}.Release|Any CPU.Build.0 = Release|Any CPU
		{4E627A6B-C472-40EF-BFC2-347FAC311B1B}.Debug|Any CPU.ActiveCfg = Debug|Any CPU
		{4E627A6B-C472-40EF-BFC2-347FAC311B1B}.Debug|Any CPU.Build.0 = Debug|Any CPU
		{4E627A6B-C472-40EF-BFC2-347FAC311B1B}.Release|Any CPU.ActiveCfg = Release|Any CPU
		{4E627A6B-C472-40EF-BFC2-347FAC311B1B}.Release|Any CPU.Build.0 = Release|Any CPU
		{50B05A6C-C556-4E5F-85AE-2F476052F408}.Debug|Any CPU.ActiveCfg = Debug|Any CPU
		{50B05A6C-C556-4E5F-85AE-2F476052F408}.Debug|Any CPU.Build.0 = Debug|Any CPU
		{50B05A6C-C556-4E5F-85AE-2F476052F408}.Release|Any CPU.ActiveCfg = Release|Any CPU
		{50B05A6C-C556-4E5F-85AE-2F476052F408}.Release|Any CPU.Build.0 = Release|Any CPU
		{524E0C7E-FC95-4510-84F5-2FBD0AE3A503}.Debug|Any CPU.ActiveCfg = Debug|Any CPU
		{524E0C7E-FC95-4510-84F5-2FBD0AE3A503}.Debug|Any CPU.Build.0 = Debug|Any CPU
		{524E0C7E-FC95-4510-84F5-2FBD0AE3A503}.Release|Any CPU.ActiveCfg = Release|Any CPU
		{524E0C7E-FC95-4510-84F5-2FBD0AE3A503}.Release|Any CPU.Build.0 = Release|Any CPU
	EndGlobalSection
	GlobalSection(SolutionProperties) = preSolution
		HideSolutionNode = FALSE
	EndGlobalSection
	GlobalSection(ExtensibilityGlobals) = postSolution
		SolutionGuid = {06026747-BF26-4134-A531-B9986CA6B47E}
	EndGlobalSection
EndGlobal
